
Microsoft Visual Studio Solution File, Format Version 12.00
# Visual Studio Version 17
VisualStudioVersion = 17.4.33213.308
MinimumVisualStudioVersion = 10.0.40219.1
Project("{9A19103F-16F7-4668-BE54-9A1E7A4F7556}") = "AvaWebDemoApp", "AvaWebDemoApp\AvaWebDemoApp.csproj", "{8589806C-F665-48FA-9E3F-995727DA149F}"
EndProject
Project("{9A19103F-16F7-4668-BE54-9A1E7A4F7556}") = "AvaWebDemoBlazor", "AvaWebDemoBlazor\AvaWebDemoBlazor.csproj", "{121A5EE2-0476-42B2-9787-89372C67EFE7}"
EndProject
Global
	GlobalSection(SolutionConfigurationPlatforms) = preSolution
		Debug|Any CPU = Debug|Any CPU
		Release|Any CPU = Release|Any CPU
	EndGlobalSection
	GlobalSection(ProjectConfigurationPlatforms) = postSolution
		{8589806C-F665-48FA-9E3F-995727DA149F}.Debug|Any CPU.ActiveCfg = Debug|Any CPU
		{8589806C-F665-48FA-9E3F-995727DA149F}.Debug|Any CPU.Build.0 = Debug|Any CPU
		{8589806C-F665-48FA-9E3F-995727DA149F}.Release|Any CPU.ActiveCfg = Release|Any CPU
		{8589806C-F665-48FA-9E3F-995727DA149F}.Release|Any CPU.Build.0 = Release|Any CPU
		{121A5EE2-0476-42B2-9787-89372C67EFE7}.Debug|Any CPU.ActiveCfg = Debug|Any CPU
		{121A5EE2-0476-42B2-9787-89372C67EFE7}.Debug|Any CPU.Build.0 = Debug|Any CPU
		{121A5EE2-0476-42B2-9787-89372C67EFE7}.Release|Any CPU.ActiveCfg = Release|Any CPU
		{121A5EE2-0476-42B2-9787-89372C67EFE7}.Release|Any CPU.Build.0 = Release|Any CPU
	EndGlobalSection
	GlobalSection(SolutionProperties) = preSolution
		HideSolutionNode = FALSE
	EndGlobalSection
	GlobalSection(ExtensibilityGlobals) = postSolution
		SolutionGuid = {2AE4DAA8-CA1B-4663-A74D-AF5FB406447B}
	EndGlobalSection
EndGlobal
